
Microsoft Visual Studio Solution File, Format Version 12.00
# Visual Studio 2013
VisualStudioVersion = 12.0.21005.1
MinimumVisualStudioVersion = 10.0.40219.1
Project("{F184B08F-C81C-45F6-A57F-5ABD9991F28F}") = "GimmeAHit - Sender", "GimmeAHit - Sender\GimmeAHit - Sender.vbproj", "{EB86DACC-39D8-4937-9A70-85786B9F6D04}"
EndProject
Global
	GlobalSection(SolutionConfigurationPlatforms) = preSolution
		Debug|Any CPU = Debug|Any CPU
		Release|Any CPU = Release|Any CPU
	EndGlobalSection
	GlobalSection(ProjectConfigurationPlatforms) = postSolution
		{EB86DACC-39D8-4937-9A70-85786B9F6D04}.Debug|Any CPU.ActiveCfg = Debug|Any CPU
		{EB86DACC-39D8-4937-9A70-85786B9F6D04}.Debug|Any CPU.Build.0 = Debug|Any CPU
		{EB86DACC-39D8-4937-9A70-85786B9F6D04}.Release|Any CPU.ActiveCfg = Release|Any CPU
		{EB86DACC-39D8-4937-9A70-85786B9F6D04}.Release|Any CPU.Build.0 = Release|Any CPU
	EndGlobalSection
	GlobalSection(SolutionProperties) = preSolution
		HideSolutionNode = FALSE
	EndGlobalSection
EndGlobal
